
Microsoft Visual Studio Solution File, Format Version 12.00
# Visual Studio 15
VisualStudioVersion = 15.0.28307.271
MinimumVisualStudioVersion = 10.0.40219.1
Project("{888888A0-9F3D-457C-B088-3A5042F75D52}") = "isPalindrome", "isPalindrome\isPalindrome.pyproj", "{395F0E5B-CBFE-4A9C-BFA6-8005FAC6326A}"
EndProject
Global
	GlobalSection(SolutionConfigurationPlatforms) = preSolution
		Debug|Any CPU = Debug|Any CPU
		Release|Any CPU = Release|Any CPU
	EndGlobalSection
	GlobalSection(ProjectConfigurationPlatforms) = postSolution
		{395F0E5B-CBFE-4A9C-BFA6-8005FAC6326A}.Debug|Any CPU.ActiveCfg = Debug|Any CPU
		{395F0E5B-CBFE-4A9C-BFA6-8005FAC6326A}.Release|Any CPU.ActiveCfg = Release|Any CPU
	EndGlobalSection
	GlobalSection(SolutionProperties) = preSolution
		HideSolutionNode = FALSE
	EndGlobalSection
	GlobalSection(ExtensibilityGlobals) = postSolution
		SolutionGuid = {FAF409FA-39EB-4515-A1D8-E355CAB77313}
	EndGlobalSection
EndGlobal
