
Microsoft Visual Studio Solution File, Format Version 12.00
# Visual Studio 15
VisualStudioVersion = 15.0.28307.271
MinimumVisualStudioVersion = 10.0.40219.1
Project("{888888A0-9F3D-457C-B088-3A5042F75D52}") = "ejemplo ciclo anidado", "ejemplo ciclo anidado\ejemplo ciclo anidado.pyproj", "{AB285BDE-F6AF-4D6E-8DD2-2D24A2AA5BD4}"
EndProject
Global
	GlobalSection(SolutionConfigurationPlatforms) = preSolution
		Debug|Any CPU = Debug|Any CPU
		Release|Any CPU = Release|Any CPU
	EndGlobalSection
	GlobalSection(ProjectConfigurationPlatforms) = postSolution
		{AB285BDE-F6AF-4D6E-8DD2-2D24A2AA5BD4}.Debug|Any CPU.ActiveCfg = Debug|Any CPU
		{AB285BDE-F6AF-4D6E-8DD2-2D24A2AA5BD4}.Release|Any CPU.ActiveCfg = Release|Any CPU
	EndGlobalSection
	GlobalSection(SolutionProperties) = preSolution
		HideSolutionNode = FALSE
	EndGlobalSection
	GlobalSection(ExtensibilityGlobals) = postSolution
		SolutionGuid = {F0134AE3-3363-47B9-88E6-5021672451C2}
	EndGlobalSection
EndGlobal
