
Microsoft Visual Studio Solution File, Format Version 12.00
# Visual Studio 15
VisualStudioVersion = 15.0.28307.271
MinimumVisualStudioVersion = 10.0.40219.1
Project("{888888A0-9F3D-457C-B088-3A5042F75D52}") = "suma naturales", "suma naturales\suma naturales.pyproj", "{05080557-85ED-4111-83FA-D87DA9821D4D}"
EndProject
Global
	GlobalSection(SolutionConfigurationPlatforms) = preSolution
		Debug|Any CPU = Debug|Any CPU
		Release|Any CPU = Release|Any CPU
	EndGlobalSection
	GlobalSection(ProjectConfigurationPlatforms) = postSolution
		{05080557-85ED-4111-83FA-D87DA9821D4D}.Debug|Any CPU.ActiveCfg = Debug|Any CPU
		{05080557-85ED-4111-83FA-D87DA9821D4D}.Release|Any CPU.ActiveCfg = Release|Any CPU
	EndGlobalSection
	GlobalSection(SolutionProperties) = preSolution
		HideSolutionNode = FALSE
	EndGlobalSection
	GlobalSection(ExtensibilityGlobals) = postSolution
		SolutionGuid = {8B2AB88A-7EC4-4B27-BDFE-6D5B1B3450E9}
	EndGlobalSection
EndGlobal
