
Microsoft Visual Studio Solution File, Format Version 12.00
# Visual Studio 15
VisualStudioVersion = 15.0.28307.271
MinimumVisualStudioVersion = 10.0.40219.1
Project("{888888A0-9F3D-457C-B088-3A5042F75D52}") = "cambio bills", "cambio bills\cambio bills.pyproj", "{94CE27DB-7AA1-4AD8-B11F-2A5327588266}"
EndProject
Global
	GlobalSection(SolutionConfigurationPlatforms) = preSolution
		Debug|Any CPU = Debug|Any CPU
		Release|Any CPU = Release|Any CPU
	EndGlobalSection
	GlobalSection(ProjectConfigurationPlatforms) = postSolution
		{94CE27DB-7AA1-4AD8-B11F-2A5327588266}.Debug|Any CPU.ActiveCfg = Debug|Any CPU
		{94CE27DB-7AA1-4AD8-B11F-2A5327588266}.Release|Any CPU.ActiveCfg = Release|Any CPU
	EndGlobalSection
	GlobalSection(SolutionProperties) = preSolution
		HideSolutionNode = FALSE
	EndGlobalSection
	GlobalSection(ExtensibilityGlobals) = postSolution
		SolutionGuid = {8314D781-8842-47E4-A58D-0E96E4A788C5}
	EndGlobalSection
EndGlobal
