
Microsoft Visual Studio Solution File, Format Version 12.00
# Visual Studio 15
VisualStudioVersion = 15.0.28307.271
MinimumVisualStudioVersion = 10.0.40219.1
Project("{888888A0-9F3D-457C-B088-3A5042F75D52}") = "ER5_A01635597", "ER5_A01635597\ER5_A01635597.pyproj", "{21B89FA9-5939-435B-A70C-B6073581779C}"
EndProject
Global
	GlobalSection(SolutionConfigurationPlatforms) = preSolution
		Debug|Any CPU = Debug|Any CPU
		Release|Any CPU = Release|Any CPU
	EndGlobalSection
	GlobalSection(ProjectConfigurationPlatforms) = postSolution
		{21B89FA9-5939-435B-A70C-B6073581779C}.Debug|Any CPU.ActiveCfg = Debug|Any CPU
		{21B89FA9-5939-435B-A70C-B6073581779C}.Release|Any CPU.ActiveCfg = Release|Any CPU
	EndGlobalSection
	GlobalSection(SolutionProperties) = preSolution
		HideSolutionNode = FALSE
	EndGlobalSection
	GlobalSection(ExtensibilityGlobals) = postSolution
		SolutionGuid = {DDE4061A-3EEB-40FA-AEAA-6291E396236F}
	EndGlobalSection
EndGlobal
