
Microsoft Visual Studio Solution File, Format Version 12.00
# Visual Studio 15
VisualStudioVersion = 15.0.28307.271
MinimumVisualStudioVersion = 10.0.40219.1
Project("{888888A0-9F3D-457C-B088-3A5042F75D52}") = "testeos", "testeos\testeos.pyproj", "{474B7626-E728-4A86-81B7-71FC51647D98}"
EndProject
Global
	GlobalSection(SolutionConfigurationPlatforms) = preSolution
		Debug|Any CPU = Debug|Any CPU
		Release|Any CPU = Release|Any CPU
	EndGlobalSection
	GlobalSection(ProjectConfigurationPlatforms) = postSolution
		{474B7626-E728-4A86-81B7-71FC51647D98}.Debug|Any CPU.ActiveCfg = Debug|Any CPU
		{474B7626-E728-4A86-81B7-71FC51647D98}.Release|Any CPU.ActiveCfg = Release|Any CPU
	EndGlobalSection
	GlobalSection(SolutionProperties) = preSolution
		HideSolutionNode = FALSE
	EndGlobalSection
	GlobalSection(ExtensibilityGlobals) = postSolution
		SolutionGuid = {68846AC7-2F2D-409E-9F48-3386AECD7986}
	EndGlobalSection
EndGlobal
