
Microsoft Visual Studio Solution File, Format Version 12.00
# Visual Studio 15
VisualStudioVersion = 15.0.28307.271
MinimumVisualStudioVersion = 10.0.40219.1
Project("{888888A0-9F3D-457C-B088-3A5042F75D52}") = "Funciones2_A01635597", "Funciones2_A01635597\Funciones2_A01635597.pyproj", "{3C4A18A8-9C2F-4F33-BCDD-0943A01DF344}"
EndProject
Global
	GlobalSection(SolutionConfigurationPlatforms) = preSolution
		Debug|Any CPU = Debug|Any CPU
		Release|Any CPU = Release|Any CPU
	EndGlobalSection
	GlobalSection(ProjectConfigurationPlatforms) = postSolution
		{3C4A18A8-9C2F-4F33-BCDD-0943A01DF344}.Debug|Any CPU.ActiveCfg = Debug|Any CPU
		{3C4A18A8-9C2F-4F33-BCDD-0943A01DF344}.Release|Any CPU.ActiveCfg = Release|Any CPU
	EndGlobalSection
	GlobalSection(SolutionProperties) = preSolution
		HideSolutionNode = FALSE
	EndGlobalSection
	GlobalSection(ExtensibilityGlobals) = postSolution
		SolutionGuid = {E4AB05AB-A84C-49D3-BC15-2FE3D23F8798}
	EndGlobalSection
EndGlobal
