
Microsoft Visual Studio Solution File, Format Version 12.00
# Visual Studio 15
VisualStudioVersion = 15.0.28307.271
MinimumVisualStudioVersion = 10.0.40219.1
Project("{888888A0-9F3D-457C-B088-3A5042F75D52}") = "EP1_ej3_A01635597", "EP1_ej3_A01635597\EP1_ej3_A01635597.pyproj", "{8010BFB9-ACA2-448C-9F1E-BE5D5B1144FA}"
EndProject
Global
	GlobalSection(SolutionConfigurationPlatforms) = preSolution
		Debug|Any CPU = Debug|Any CPU
		Release|Any CPU = Release|Any CPU
	EndGlobalSection
	GlobalSection(ProjectConfigurationPlatforms) = postSolution
		{8010BFB9-ACA2-448C-9F1E-BE5D5B1144FA}.Debug|Any CPU.ActiveCfg = Debug|Any CPU
		{8010BFB9-ACA2-448C-9F1E-BE5D5B1144FA}.Release|Any CPU.ActiveCfg = Release|Any CPU
	EndGlobalSection
	GlobalSection(SolutionProperties) = preSolution
		HideSolutionNode = FALSE
	EndGlobalSection
	GlobalSection(ExtensibilityGlobals) = postSolution
		SolutionGuid = {94E2D08E-123D-42B6-BEEF-2065864A6B24}
	EndGlobalSection
EndGlobal
