
Microsoft Visual Studio Solution File, Format Version 12.00
# Visual Studio 15
VisualStudioVersion = 15.0.28307.271
MinimumVisualStudioVersion = 10.0.40219.1
Project("{888888A0-9F3D-457C-B088-3A5042F75D52}") = "ciclos b5 A01635597", "ciclos b5 A01635597\ciclos b5 A01635597.pyproj", "{84EBDA7A-B2D3-4670-8603-2AD82998C3C4}"
EndProject
Global
	GlobalSection(SolutionConfigurationPlatforms) = preSolution
		Debug|Any CPU = Debug|Any CPU
		Release|Any CPU = Release|Any CPU
	EndGlobalSection
	GlobalSection(ProjectConfigurationPlatforms) = postSolution
		{84EBDA7A-B2D3-4670-8603-2AD82998C3C4}.Debug|Any CPU.ActiveCfg = Debug|Any CPU
		{84EBDA7A-B2D3-4670-8603-2AD82998C3C4}.Release|Any CPU.ActiveCfg = Release|Any CPU
	EndGlobalSection
	GlobalSection(SolutionProperties) = preSolution
		HideSolutionNode = FALSE
	EndGlobalSection
	GlobalSection(ExtensibilityGlobals) = postSolution
		SolutionGuid = {B4E53B6F-81EE-4872-B1D6-0A3725380660}
	EndGlobalSection
EndGlobal
