
Microsoft Visual Studio Solution File, Format Version 12.00
# Visual Studio 15
VisualStudioVersion = 15.0.28307.271
MinimumVisualStudioVersion = 10.0.40219.1
Project("{888888A0-9F3D-457C-B088-3A5042F75D52}") = "ER6_A01635597", "ER6_A01635597\ER6_A01635597.pyproj", "{C5EDA8C9-7478-48B9-97BC-05CF1D3B5347}"
EndProject
Global
	GlobalSection(SolutionConfigurationPlatforms) = preSolution
		Debug|Any CPU = Debug|Any CPU
		Release|Any CPU = Release|Any CPU
	EndGlobalSection
	GlobalSection(ProjectConfigurationPlatforms) = postSolution
		{C5EDA8C9-7478-48B9-97BC-05CF1D3B5347}.Debug|Any CPU.ActiveCfg = Debug|Any CPU
		{C5EDA8C9-7478-48B9-97BC-05CF1D3B5347}.Release|Any CPU.ActiveCfg = Release|Any CPU
	EndGlobalSection
	GlobalSection(SolutionProperties) = preSolution
		HideSolutionNode = FALSE
	EndGlobalSection
	GlobalSection(ExtensibilityGlobals) = postSolution
		SolutionGuid = {FFF5BB47-0E43-4CEF-9911-4BE5E6796603}
	EndGlobalSection
EndGlobal
