
Microsoft Visual Studio Solution File, Format Version 12.00
# Visual Studio 15
VisualStudioVersion = 15.0.28307.271
MinimumVisualStudioVersion = 10.0.40219.1
Project("{888888A0-9F3D-457C-B088-3A5042F75D52}") = "for in ej1", "for in ej1\for in ej1.pyproj", "{82A30A5E-26A3-419C-8AF7-96089ADEE84D}"
EndProject
Global
	GlobalSection(SolutionConfigurationPlatforms) = preSolution
		Debug|Any CPU = Debug|Any CPU
		Release|Any CPU = Release|Any CPU
	EndGlobalSection
	GlobalSection(ProjectConfigurationPlatforms) = postSolution
		{82A30A5E-26A3-419C-8AF7-96089ADEE84D}.Debug|Any CPU.ActiveCfg = Debug|Any CPU
		{82A30A5E-26A3-419C-8AF7-96089ADEE84D}.Release|Any CPU.ActiveCfg = Release|Any CPU
	EndGlobalSection
	GlobalSection(SolutionProperties) = preSolution
		HideSolutionNode = FALSE
	EndGlobalSection
	GlobalSection(ExtensibilityGlobals) = postSolution
		SolutionGuid = {6460C206-95F6-4526-AD6F-6A869E821B81}
	EndGlobalSection
EndGlobal
