
Microsoft Visual Studio Solution File, Format Version 12.00
# Visual Studio 15
VisualStudioVersion = 15.0.28307.271
MinimumVisualStudioVersion = 10.0.40219.1
Project("{888888A0-9F3D-457C-B088-3A5042F75D52}") = "estacionamiento", "estacionamiento\estacionamiento.pyproj", "{4EB7815F-CD30-47E4-960A-0F1EABC4234F}"
EndProject
Global
	GlobalSection(SolutionConfigurationPlatforms) = preSolution
		Debug|Any CPU = Debug|Any CPU
		Release|Any CPU = Release|Any CPU
	EndGlobalSection
	GlobalSection(ProjectConfigurationPlatforms) = postSolution
		{4EB7815F-CD30-47E4-960A-0F1EABC4234F}.Debug|Any CPU.ActiveCfg = Debug|Any CPU
		{4EB7815F-CD30-47E4-960A-0F1EABC4234F}.Release|Any CPU.ActiveCfg = Release|Any CPU
	EndGlobalSection
	GlobalSection(SolutionProperties) = preSolution
		HideSolutionNode = FALSE
	EndGlobalSection
	GlobalSection(ExtensibilityGlobals) = postSolution
		SolutionGuid = {5F827BE1-FC15-4ED9-8E7D-FE6F06588C66}
	EndGlobalSection
EndGlobal
