
Microsoft Visual Studio Solution File, Format Version 12.00
# Visual Studio 15
VisualStudioVersion = 15.0.28307.271
MinimumVisualStudioVersion = 10.0.40219.1
Project("{888888A0-9F3D-457C-B088-3A5042F75D52}") = "Triangulo de Pascal", "Triangulo de Pascal\Triangulo de Pascal.pyproj", "{2BF98313-9151-41A1-8B4A-46B4484AC513}"
EndProject
Global
	GlobalSection(SolutionConfigurationPlatforms) = preSolution
		Debug|Any CPU = Debug|Any CPU
		Release|Any CPU = Release|Any CPU
	EndGlobalSection
	GlobalSection(ProjectConfigurationPlatforms) = postSolution
		{2BF98313-9151-41A1-8B4A-46B4484AC513}.Debug|Any CPU.ActiveCfg = Debug|Any CPU
		{2BF98313-9151-41A1-8B4A-46B4484AC513}.Release|Any CPU.ActiveCfg = Release|Any CPU
	EndGlobalSection
	GlobalSection(SolutionProperties) = preSolution
		HideSolutionNode = FALSE
	EndGlobalSection
	GlobalSection(ExtensibilityGlobals) = postSolution
		SolutionGuid = {6AB5E07C-5F60-4EF8-A782-1A06A2365854}
	EndGlobalSection
EndGlobal
