
Microsoft Visual Studio Solution File, Format Version 12.00
# Visual Studio 15
VisualStudioVersion = 15.0.28307.271
MinimumVisualStudioVersion = 10.0.40219.1
Project("{888888A0-9F3D-457C-B088-3A5042F75D52}") = "ejercicio c listcomprehension A01635597", "ejercicio c listcomprehension A01635597\ejercicio c listcomprehension A01635597.pyproj", "{7B2DB492-74E1-4F8B-9FA0-316EC6FD98CB}"
EndProject
Global
	GlobalSection(SolutionConfigurationPlatforms) = preSolution
		Debug|Any CPU = Debug|Any CPU
		Release|Any CPU = Release|Any CPU
	EndGlobalSection
	GlobalSection(ProjectConfigurationPlatforms) = postSolution
		{7B2DB492-74E1-4F8B-9FA0-316EC6FD98CB}.Debug|Any CPU.ActiveCfg = Debug|Any CPU
		{7B2DB492-74E1-4F8B-9FA0-316EC6FD98CB}.Release|Any CPU.ActiveCfg = Release|Any CPU
	EndGlobalSection
	GlobalSection(SolutionProperties) = preSolution
		HideSolutionNode = FALSE
	EndGlobalSection
	GlobalSection(ExtensibilityGlobals) = postSolution
		SolutionGuid = {FBD2BF1E-9344-4CCA-A66B-DBE9BE1B622F}
	EndGlobalSection
EndGlobal
