
Microsoft Visual Studio Solution File, Format Version 12.00
# Visual Studio 15
VisualStudioVersion = 15.0.28307.271
MinimumVisualStudioVersion = 10.0.40219.1
Project("{888888A0-9F3D-457C-B088-3A5042F75D52}") = "func. seccionada", "func. seccionada\func. seccionada.pyproj", "{24E950B3-27CB-4785-9C67-71E605E26B91}"
EndProject
Global
	GlobalSection(SolutionConfigurationPlatforms) = preSolution
		Debug|Any CPU = Debug|Any CPU
		Release|Any CPU = Release|Any CPU
	EndGlobalSection
	GlobalSection(ProjectConfigurationPlatforms) = postSolution
		{24E950B3-27CB-4785-9C67-71E605E26B91}.Debug|Any CPU.ActiveCfg = Debug|Any CPU
		{24E950B3-27CB-4785-9C67-71E605E26B91}.Release|Any CPU.ActiveCfg = Release|Any CPU
	EndGlobalSection
	GlobalSection(SolutionProperties) = preSolution
		HideSolutionNode = FALSE
	EndGlobalSection
	GlobalSection(ExtensibilityGlobals) = postSolution
		SolutionGuid = {D7CE0D20-F5FD-4A85-813F-6A94F2B8C581}
	EndGlobalSection
EndGlobal
