
Microsoft Visual Studio Solution File, Format Version 12.00
# Visual Studio 15
VisualStudioVersion = 15.0.28307.271
MinimumVisualStudioVersion = 10.0.40219.1
Project("{888888A0-9F3D-457C-B088-3A5042F75D52}") = "EP1_ej1_A01635597", "EP1_ej1_A01635597\EP1_ej1_A01635597.pyproj", "{1099DAF2-EE83-477D-B832-0A41874A0FD0}"
EndProject
Global
	GlobalSection(SolutionConfigurationPlatforms) = preSolution
		Debug|Any CPU = Debug|Any CPU
		Release|Any CPU = Release|Any CPU
	EndGlobalSection
	GlobalSection(ProjectConfigurationPlatforms) = postSolution
		{1099DAF2-EE83-477D-B832-0A41874A0FD0}.Debug|Any CPU.ActiveCfg = Debug|Any CPU
		{1099DAF2-EE83-477D-B832-0A41874A0FD0}.Release|Any CPU.ActiveCfg = Release|Any CPU
	EndGlobalSection
	GlobalSection(SolutionProperties) = preSolution
		HideSolutionNode = FALSE
	EndGlobalSection
	GlobalSection(ExtensibilityGlobals) = postSolution
		SolutionGuid = {E75B0E43-14D5-47B4-8003-DC285A0E526F}
	EndGlobalSection
EndGlobal
