
Microsoft Visual Studio Solution File, Format Version 12.00
# Visual Studio 15
VisualStudioVersion = 15.0.28307.271
MinimumVisualStudioVersion = 10.0.40219.1
Project("{888888A0-9F3D-457C-B088-3A5042F75D52}") = "ciclos i15 A01635597", "ciclos i15 A01635597\ciclos i15 A01635597.pyproj", "{65F9917D-1700-4702-86EA-69AA61ABECFB}"
EndProject
Global
	GlobalSection(SolutionConfigurationPlatforms) = preSolution
		Debug|Any CPU = Debug|Any CPU
		Release|Any CPU = Release|Any CPU
	EndGlobalSection
	GlobalSection(ProjectConfigurationPlatforms) = postSolution
		{65F9917D-1700-4702-86EA-69AA61ABECFB}.Debug|Any CPU.ActiveCfg = Debug|Any CPU
		{65F9917D-1700-4702-86EA-69AA61ABECFB}.Release|Any CPU.ActiveCfg = Release|Any CPU
	EndGlobalSection
	GlobalSection(SolutionProperties) = preSolution
		HideSolutionNode = FALSE
	EndGlobalSection
	GlobalSection(ExtensibilityGlobals) = postSolution
		SolutionGuid = {DEAF7217-B1B0-4ECF-B488-07B48B06F96F}
	EndGlobalSection
EndGlobal
