
Microsoft Visual Studio Solution File, Format Version 12.00
# Visual Studio 15
VisualStudioVersion = 15.0.28307.271
MinimumVisualStudioVersion = 10.0.40219.1
Project("{888888A0-9F3D-457C-B088-3A5042F75D52}") = "files practice", "files practice\files practice.pyproj", "{E545A582-8A17-4C8E-8602-40F12B61E34D}"
EndProject
Global
	GlobalSection(SolutionConfigurationPlatforms) = preSolution
		Debug|Any CPU = Debug|Any CPU
		Release|Any CPU = Release|Any CPU
	EndGlobalSection
	GlobalSection(ProjectConfigurationPlatforms) = postSolution
		{E545A582-8A17-4C8E-8602-40F12B61E34D}.Debug|Any CPU.ActiveCfg = Debug|Any CPU
		{E545A582-8A17-4C8E-8602-40F12B61E34D}.Release|Any CPU.ActiveCfg = Release|Any CPU
	EndGlobalSection
	GlobalSection(SolutionProperties) = preSolution
		HideSolutionNode = FALSE
	EndGlobalSection
	GlobalSection(ExtensibilityGlobals) = postSolution
		SolutionGuid = {70B618B9-90C7-4043-9567-E1562C9D75B3}
	EndGlobalSection
EndGlobal
